
Microsoft Visual Studio Solution File, Format Version 12.00
# Visual Studio Version 16
VisualStudioVersion = 16.0.30225.117
MinimumVisualStudioVersion = 10.0.40219.1
Project("{9A19103F-16F7-4668-BE54-9A1E7A4F7556}") = "CustomerApi", "CustomerApi\CustomerApi.csproj", "{FBFDF897-58E4-4A3B-B45B-5578E6D956E4}"
EndProject
Global
	GlobalSection(SolutionConfigurationPlatforms) = preSolution
		Debug|Any CPU = Debug|Any CPU
		Release|Any CPU = Release|Any CPU
	EndGlobalSection
	GlobalSection(ProjectConfigurationPlatforms) = postSolution
		{FBFDF897-58E4-4A3B-B45B-5578E6D956E4}.Debug|Any CPU.ActiveCfg = Debug|Any CPU
		{FBFDF897-58E4-4A3B-B45B-5578E6D956E4}.Debug|Any CPU.Build.0 = Debug|Any CPU
		{FBFDF897-58E4-4A3B-B45B-5578E6D956E4}.Release|Any CPU.ActiveCfg = Release|Any CPU
		{FBFDF897-58E4-4A3B-B45B-5578E6D956E4}.Release|Any CPU.Build.0 = Release|Any CPU
	EndGlobalSection
	GlobalSection(SolutionProperties) = preSolution
		HideSolutionNode = FALSE
	EndGlobalSection
	GlobalSection(ExtensibilityGlobals) = postSolution
		SolutionGuid = {89BFA58A-2A0D-4C02-A6B0-2684E8A02738}
	EndGlobalSection
EndGlobal
